# THIS IS AN AUTOGENERATED FILE. DO NOT EDIT THIS FILE DIRECTLY.
# yarn lockfile v1


date-arithmetic@^3.1.0:
  version "3.1.0"
  resolved "https://registry.yarnpkg.com/date-arithmetic/-/date-arithmetic-3.1.0.tgz#1fcd03dbd504b9dbee2b9078c85a5f1c7d3cc2d3"

node-lifx-lan@^0.0.2:
  version "0.0.2"
  resolved "https://registry.yarnpkg.com/node-lifx-lan/-/node-lifx-lan-0.0.2.tgz#bc64e06dd44f0936b7d2f59758548a77c6d97e2e"
